
Microsoft Visual Studio Solution File, Format Version 12.00
# Visual Studio Version 17
VisualStudioVersion = 17.0.31912.275
MinimumVisualStudioVersion = 10.0.40219.1
Project("{FAE04EC0-301F-11D3-BF4B-00C04F79EFBC}") = "Csv.App", "Csv.App\Csv.App.csproj", "{D30988A0-B124-458D-80A8-8810C3F38A43}"
EndProject
Global
	GlobalSection(SolutionConfigurationPlatforms) = preSolution
		Debug|Any CPU = Debug|Any CPU
		Release|Any CPU = Release|Any CPU
	EndGlobalSection
	GlobalSection(ProjectConfigurationPlatforms) = postSolution
		{D30988A0-B124-458D-80A8-8810C3F38A43}.Debug|Any CPU.ActiveCfg = Debug|Any CPU
		{D30988A0-B124-458D-80A8-8810C3F38A43}.Debug|Any CPU.Build.0 = Debug|Any CPU
		{D30988A0-B124-458D-80A8-8810C3F38A43}.Release|Any CPU.ActiveCfg = Release|Any CPU
		{D30988A0-B124-458D-80A8-8810C3F38A43}.Release|Any CPU.Build.0 = Release|Any CPU
	EndGlobalSection
	GlobalSection(SolutionProperties) = preSolution
		HideSolutionNode = FALSE
	EndGlobalSection
	GlobalSection(ExtensibilityGlobals) = postSolution
		SolutionGuid = {35B8F812-8A75-4E56-96AB-3FCD4E69EBA4}
	EndGlobalSection
EndGlobal
